
Microsoft Visual Studio Solution File, Format Version 12.00
# Visual Studio Version 17
VisualStudioVersion = 17.8.34511.84
MinimumVisualStudioVersion = 10.0.40219.1
Project("{FAE04EC0-301F-11D3-BF4B-00C04F79EFBC}") = "Bug.Blazor.EventCallback", "Bug.Blazor.EventCallback\Bug.Blazor.EventCallback.csproj", "{79F577BE-3CF5-4B3D-B27D-1AAD471AC860}"
EndProject
Global
	GlobalSection(SolutionConfigurationPlatforms) = preSolution
		Debug|Any CPU = Debug|Any CPU
		Release|Any CPU = Release|Any CPU
	EndGlobalSection
	GlobalSection(ProjectConfigurationPlatforms) = postSolution
		{79F577BE-3CF5-4B3D-B27D-1AAD471AC860}.Debug|Any CPU.ActiveCfg = Debug|Any CPU
		{79F577BE-3CF5-4B3D-B27D-1AAD471AC860}.Debug|Any CPU.Build.0 = Debug|Any CPU
		{79F577BE-3CF5-4B3D-B27D-1AAD471AC860}.Release|Any CPU.ActiveCfg = Release|Any CPU
		{79F577BE-3CF5-4B3D-B27D-1AAD471AC860}.Release|Any CPU.Build.0 = Release|Any CPU
	EndGlobalSection
	GlobalSection(SolutionProperties) = preSolution
		HideSolutionNode = FALSE
	EndGlobalSection
	GlobalSection(ExtensibilityGlobals) = postSolution
		SolutionGuid = {67A9CB1E-E006-49E2-9F6B-E977286B3C26}
	EndGlobalSection
EndGlobal
